// !$*UTF8*$!
{
	archiveVersion = 1;
	classes = {
	};
	objectVersion = 46;
	objects = {

/* Begin PBXBuildFile section */
		1B2B4B831D40D6510002AAE0 /* AppDelegate.swift in Sources */ = {isa = PBXBuildFile; fileRef = 1B2B4B821D40D6510002AAE0 /* AppDelegate.swift */; };
		1B2B4B851D40D6510002AAE0 /* ViewController.swift in Sources */ = {isa = PBXBuildFile; fileRef = 1B2B4B841D40D6510002AAE0 /* ViewController.swift */; };
		1B2B4B881D40D6510002AAE0 /* Main.storyboard in Resources */ = {isa = PBXBuildFile; fileRef = 1B2B4B861D40D6510002AAE0 /* Main.storyboard */; };
		1B2B4B8B1D40D6510002AAE0 /* AsynchronousImagesOnTableViewCells.xcdatamodeld in Sources */ = {isa = PBXBuildFile; fileRef = 1B2B4B891D40D6510002AAE0 /* AsynchronousImagesOnTableViewCells.xcdatamodeld */; };
		1B2B4B8D1D40D6520002AAE0 /* Assets.xcassets in Resources */ = {isa = PBXBuildFile; fileRef = 1B2B4B8C1D40D6520002AAE0 /* Assets.xcassets */; };
		1B2B4B901D40D6520002AAE0 /* LaunchScreen.storyboard in Resources */ = {isa = PBXBuildFile; fileRef = 1B2B4B8E1D40D6520002AAE0 /* LaunchScreen.storyboard */; };
/* End PBXBuildFile section */

/* Begin PBXFileReference section */
		1B2B4B7F1D40D6500002AAE0 /* AsynchronousImagesOnTableViewCells.app */ = {isa = PBXFileReference; explicitFileType = wrapper.application; includeInIndex = 0; path = AsynchronousImagesOnTableViewCells.app; sourceTree = BUILT_PRODUCTS_DIR; };
		1B2B4B821D40D6510002AAE0 /* AppDelegate.swift */ = {isa = PBXFileReference; lastKnownFileType = sourcecode.swift; path = AppDelegate.swift; sourceTree = "<group>"; };
		1B2B4B841D40D6510002AAE0 /* ViewController.swift */ = {isa = PBXFileReference; lastKnownFileType = sourcecode.swift; path = ViewController.swift; sourceTree = "<group>"; };
		1B2B4B871D40D6510002AAE0 /* Base */ = {isa = PBXFileReference; lastKnownFileType = file.storyboard; name = Base; path = Base.lproj/Main.storyboard; sourceTree = "<group>"; };
		1B2B4B8A1D40D6510002AAE0 /* AsynchronousImagesOnTableViewCells.xcdatamodel */ = {isa = PBXFileReference; lastKnownFileType = wrapper.xcdatamodel; path = AsynchronousImagesOnTableViewCells.xcdatamodel; sourceTree = "<group>"; };
		1B2B4B8C1D40D6520002AAE0 /* Assets.xcassets */ = {isa = PBXFileReference; lastKnownFileType = folder.assetcatalog; path = Assets.xcassets; sourceTree = "<group>"; };
		1B2B4B8F1D40D6520002AAE0 /* Base */ = {isa = PBXFileReference; lastKnownFileType = file.storyboard; name = Base; path = Base.lproj/LaunchScreen.storyboard; sourceTree = "<group>"; };
		1B2B4B911D40D6520002AAE0 /* Info.plist */ = {isa = PBXFileReference; lastKnownFileType = text.plist.xml; path = Info.plist; sourceTree = "<group>"; };
/* End PBXFileReference section */

/* Begin PBXFrameworksBuildPhase section */
		1B2B4B7C1D40D6500002AAE0 /* Frameworks */ = {
			isa = PBXFrameworksBuildPhase;
			buildActionMask = 2147483647;
			files = (
			);
			runOnlyForDeploymentPostprocessing = 0;
		};
/* End PBXFrameworksBuildPhase section */

/* Begin PBXGroup section */
		1B2B4B761D40D64F0002AAE0 = {
			isa = PBXGroup;
			children = (
				1B2B4B811D40D6500002AAE0 /* AsynchronousImagesOnTableViewCells */,
				1B2B4B801D40D6500002AAE0 /* Products */,
			);
			sourceTree = "<group>";
		};
		1B2B4B801D40D6500002AAE0 /* Products */ = {
			isa = PBXGroup;
			children = (
				1B2B4B7F1D40D6500002AAE0 /* AsynchronousImagesOnTableViewCells.app */,
			);
			name = Products;
			sourceTree = "<group>";
		};
		1B2B4B811D40D6500002AAE0 /* AsynchronousImagesOnTableViewCells */ = {
			isa = PBXGroup;
			children = (
				1B2B4B821D40D6510002AAE0 /* AppDelegate.swift */,
				1B2B4B841D40D6510002AAE0 /* ViewController.swift */,
				1B2B4B861D40D6510002AAE0 /* Main.storyboard */,
				1B2B4B8C1D40D6520002AAE0 /* Assets.xcassets */,
				1B2B4B8E1D40D6520002AAE0 /* LaunchScreen.storyboard */,
				1B2B4B911D40D6520002AAE0 /* Info.plist */,
				1B2B4B891D40D6510002AAE0 /* AsynchronousImagesOnTableViewCells.xcdatamodeld */,
			);
			path = AsynchronousImagesOnTableViewCells;
			sourceTree = "<group>";
		};
/* End PBXGroup section */

/* Begin PBXNativeTarget section */
		1B2B4B7E1D40D6500002AAE0 /* AsynchronousImagesOnTableViewCells */ = {
			isa = PBXNativeTarget;
			buildConfigurationList = 1B2B4B941D40D6520002AAE0 /* Build configuration list for PBXNativeTarget "AsynchronousImagesOnTableViewCells" */;
			buildPhases = (
				1B2B4B7B1D40D6500002AAE0 /* Sources */,
				1B2B4B7C1D40D6500002AAE0 /* Frameworks */,
				1B2B4B7D1D40D6500002AAE0 /* Resources */,
			);
			buildRules = (
			);
			dependencies = (
			);
			name = AsynchronousImagesOnTableViewCells;
			productName = AsynchronousImagesOnTableViewCells;
			productReference = 1B2B4B7F1D40D6500002AAE0 /* AsynchronousImagesOnTableViewCells.app */;
			productType = "com.apple.product-type.application";
		};
/* End PBXNativeTarget section */

/* Begin PBXProject section */
		1B2B4B771D40D64F0002AAE0 /* Project object */ = {
			isa = PBXProject;
			attributes = {
				LastSwiftUpdateCheck = 0730;
				LastUpgradeCheck = 0730;
				ORGANIZATIONNAME = "Flavio Silverio";
				TargetAttributes = {
					1B2B4B7E1D40D6500002AAE0 = {
						CreatedOnToolsVersion = 7.3.1;
					};
				};
			};
			buildConfigurationList = 1B2B4B7A1D40D6500002AAE0 /* Build configuration list for PBXProject "AsynchronousImagesOnTableViewCells" */;
			compatibilityVersion = "Xcode 3.2";
			developmentRegion = English;
			hasScannedForEncodings = 0;
			knownRegions = (
				en,
				Base,
			);
			mainGroup = 1B2B4B761D40D64F0002AAE0;
			productRefGroup = 1B2B4B801D40D6500002AAE0 /* Products */;
			projectDirPath = "";
			projectRoot = "";
			targets = (
				1B2B4B7E1D40D6500002AAE0 /* AsynchronousImagesOnTableViewCells */,
			);
		};
/* End PBXProject section */

/* Begin PBXResourcesBuildPhase section */
		1B2B4B7D1D40D6500002AAE0 /* Resources */ = {
			isa = PBXResourcesBuildPhase;
			buildActionMask = 2147483647;
			files = (
				1B2B4B901D40D6520002AAE0 /* LaunchScreen.storyboard in Resources */,
				1B2B4B8D1D40D6520002AAE0 /* Assets.xcassets in Resources */,
				1B2B4B881D40D6510002AAE0 /* Main.storyboard in Resources */,
			);
			runOnlyForDeploymentPostprocessing = 0;
		};
/* End PBXResourcesBuildPhase section */

/* Begin PBXSourcesBuildPhase section */
		1B2B4B7B1D40D6500002AAE0 /* Sources */ = {
			isa = PBXSourcesBuildPhase;
			buildActionMask = 2147483647;
			files = (
				1B2B4B8B1D40D6510002AAE0 /* AsynchronousImagesOnTableViewCells.xcdatamodeld in Sources */,
				1B2B4B851D40D6510002AAE0 /* ViewController.swift in Sources */,
				1B2B4B831D40D6510002AAE0 /* AppDelegate.swift in Sources */,
			);
			runOnlyForDeploymentPostprocessing = 0;
		};
/* End PBXSourcesBuildPhase section */

/* Begin PBXVariantGroup section */
		1B2B4B861D40D6510002AAE0 /* Main.storyboard */ = {
			isa = PBXVariantGroup;
			children = (
				1B2B4B871D40D6510002AAE0 /* Base */,
			);
			name = Main.storyboard;
			sourceTree = "<group>";
		};
		1B2B4B8E1D40D6520002AAE0 /* LaunchScreen.storyboard */ = {
			isa = PBXVariantGroup;
			children = (
				1B2B4B8F1D40D6520002AAE0 /* Base */,
			);
			name = LaunchScreen.storyboard;
			sourceTree = "<group>";
		};
/* End PBXVariantGroup section */

/* Begin XCBuildConfiguration section */
		1B2B4B921D40D6520002AAE0 /* Debug */ = {
			isa = XCBuildConfiguration;
			buildSettings = {
				ALWAYS_SEARCH_USER_PATHS = NO;
				CLANG_ANALYZER_NONNULL = YES;
				CLANG_CXX_LANGUAGE_STANDARD = "gnu++0x";
				CLANG_CXX_LIBRARY = "libc++";
				CLANG_ENABLE_MODULES = YES;
				CLANG_ENABLE_OBJC_ARC = YES;
				CLANG_WARN_BOOL_CONVERSION = YES;
				CLANG_WARN_CONSTANT_CONVERSION = YES;
				CLANG_WARN_DIRECT_OBJC_ISA_USAGE = YES_ERROR;
				CLANG_WARN_EMPTY_BODY = YES;
				CLANG_WARN_ENUM_CONVERSION = YES;
				CLANG_WARN_INT_CONVERSION = YES;
				CLANG_WARN_OBJC_ROOT_CLASS = YES_ERROR;
				CLANG_WARN_UNREACHABLE_CODE = YES;
				CLANG_WARN__DUPLICATE_METHOD_MATCH = YES;
				"CODE_SIGN_IDENTITY[sdk=iphoneos*]" = "iPhone Developer";
				COPY_PHASE_STRIP = NO;
				DEBUG_INFORMATION_FORMAT = dwarf;
				ENABLE_STRICT_OBJC_MSGSEND = YES;
				ENABLE_TESTABILITY = YES;
				GCC_C_LANGUAGE_STANDARD = gnu99;
				GCC_DYNAMIC_NO_PIC = NO;
				GCC_NO_COMMON_BLOCKS = YES;
				GCC_OPTIMIZATION_LEVEL = 0;
				GCC_PREPROCESSOR_DEFINITIONS = (
					"DEBUG=1",
					"$(inherited)",
				);
				GCC_WARN_64_TO_32_BIT_CONVERSION = YES;
				GCC_WARN_ABOUT_RETURN_TYPE = YES_ERROR;
				GCC_WARN_UNDECLARED_SELECTOR = YES;
				GCC_WARN_UNINITIALIZED_AUTOS = YES_AGGRESSIVE;
				GCC_WARN_UNUSED_FUNCTION = YES;
				GCC_WARN_UNUSED_VARIABLE = YES;
				IPHONEOS_DEPLOYMENT_TARGET = 9.3;
				MTL_ENABLE_DEBUG_INFO = YES;
				ONLY_ACTIVE_ARCH = YES;
				SDKROOT = iphoneos;
				SWIFT_OPTIMIZATION_LEVEL = "-Onone";
				TARGETED_DEVICE_FAMILY = "1,2";
			};
			name = Debug;
		};
		1B2B4B931D40D6520002AAE0 /* Release */ = {
			isa = XCBuildConfiguration;
			buildSettings = {
				ALWAYS_SEARCH_USER_PATHS = NO;
				CLANG_ANALYZER_NONNULL = YES;
				CLANG_CXX_LANGUAGE_STANDARD = "gnu++0x";
				CLANG_CXX_LIBRARY = "libc++";
				CLANG_ENABLE_MODULES = YES;
				CLANG_ENABLE_OBJC_ARC = YES;
				CLANG_WARN_BOOL_CONVERSION = YES;
				CLANG_WARN_CONSTANT_CONVERSION = YES;
				CLANG_WARN_DIRECT_OBJC_ISA_USAGE = YES_ERROR;
				CLANG_WARN_EMPTY_BODY = YES;
				CLANG_WARN_ENUM_CONVERSION = YES;
				CLANG_WARN_INT_CONVERSION = YES;
				CLANG_WARN_OBJC_ROOT_CLASS = YES_ERROR;
				CLANG_WARN_UNREACHABLE_CODE = YES;
				CLANG_WARN__DUPLICATE_METHOD_MATCH = YES;
				"CODE_SIGN_IDENTITY[sdk=iphoneos*]" = "iPhone Developer";
				COPY_PHASE_STRIP = NO;
				DEBUG_INFORMATION_FORMAT = "dwarf-with-dsym";
				ENABLE_NS_ASSERTIONS = NO;
				ENABLE_STRICT_OBJC_MSGSEND = YES;
				GCC_C_LANGUAGE_STANDARD = gnu99;
				GCC_NO_COMMON_BLOCKS = YES;
				GCC_WARN_64_TO_32_BIT_CONVERSION = YES;
				GCC_WARN_ABOUT_RETURN_TYPE = YES_ERROR;
				GCC_WARN_UNDECLARED_SELECTOR = YES;
				GCC_WARN_UNINITIALIZED_AUTOS = YES_AGGRESSIVE;
				GCC_WARN_UNUSED_FUNCTION = YES;
				GCC_WARN_UNUSED_VARIABLE = YES;
				IPHONEOS_DEPLOYMENT_TARGET = 9.3;
				MTL_ENABLE_DEBUG_INFO = NO;
				SDKROOT = iphoneos;
				TARGETED_DEVICE_FAMILY = "1,2";
				VALIDATE_PRODUCT = YES;
			};
			name = Release;
		};
		1B2B4B951D40D6520002AAE0 /* Debug */ = {
			isa = XCBuildConfiguration;
			buildSettings = {
				ASSETCATALOG_COMPILER_APPICON_NAME = AppIcon;
				INFOPLIST_FILE = AsynchronousImagesOnTableViewCells/Info.plist;
				LD_RUNPATH_SEARCH_PATHS = "$(inherited) @executable_path/Frameworks";
				PRODUCT_BUNDLE_IDENTIFIER = "Flavio-Silverio.AsynchronousImagesOnTableViewCells";
				PRODUCT_NAME = "$(TARGET_NAME)";
			};
			name = Debug;
		};
		1B2B4B961D40D6520002AAE0 /* Release */ = {
			isa = XCBuildConfiguration;
			buildSettings = {
				ASSETCATALOG_COMPILER_APPICON_NAME = AppIcon;
				INFOPLIST_FILE = AsynchronousImagesOnTableViewCells/Info.plist;
				LD_RUNPATH_SEARCH_PATHS = "$(inherited) @executable_path/Frameworks";
				PRODUCT_BUNDLE_IDENTIFIER = "Flavio-Silverio.AsynchronousImagesOnTableViewCells";
				PRODUCT_NAME = "$(TARGET_NAME)";
			};
			name = Release;
		};
/* End XCBuildConfiguration section */

/* Begin XCConfigurationList section */
		1B2B4B7A1D40D6500002AAE0 /* Build configuration list for PBXProject "AsynchronousImagesOnTableViewCells" */ = {
			isa = XCConfigurationList;
			buildConfigurations = (
				1B2B4B921D40D6520002AAE0 /* Debug */,
				1B2B4B931D40D6520002AAE0 /* Release */,
			);
			defaultConfigurationIsVisible = 0;
			defaultConfigurationName = Release;
		};
		1B2B4B941D40D6520002AAE0 /* Build configuration list for PBXNativeTarget "AsynchronousImagesOnTableViewCells" */ = {
			isa = XCConfigurationList;
			buildConfigurations = (
				1B2B4B951D40D6520002AAE0 /* Debug */,
				1B2B4B961D40D6520002AAE0 /* Release */,
			);
			defaultConfigurationIsVisible = 0;
		};
/* End XCConfigurationList section */

/* Begin XCVersionGroup section */
		1B2B4B891D40D6510002AAE0 /* AsynchronousImagesOnTableViewCells.xcdatamodeld */ = {
			isa = XCVersionGroup;
			children = (
				1B2B4B8A1D40D6510002AAE0 /* AsynchronousImagesOnTableViewCells.xcdatamodel */,
			);
			currentVersion = 1B2B4B8A1D40D6510002AAE0 /* AsynchronousImagesOnTableViewCells.xcdatamodel */;
			path = AsynchronousImagesOnTableViewCells.xcdatamodeld;
			sourceTree = "<group>";
			versionGroupType = wrapper.xcdatamodel;
		};
/* End XCVersionGroup section */
	};
	rootObject = 1B2B4B771D40D64F0002AAE0 /* Project object */;
}
